
Microsoft Visual Studio Solution File, Format Version 12.00
# Visual Studio Version 17
VisualStudioVersion = 17.8.34525.116
MinimumVisualStudioVersion = 10.0.40219.1
Project("{9A19103F-16F7-4668-BE54-9A1E7A4F7556}") = "Interfaces", "Interfaces\Interfaces.csproj", "{3CBE671D-B108-4BAD-B7D4-14B5A5CA9407}"
EndProject
Project("{9A19103F-16F7-4668-BE54-9A1E7A4F7556}") = "Core", "Core\Core.csproj", "{FA56A2D6-5CF0-4781-8997-3599DF50654E}"
EndProject
Project("{9A19103F-16F7-4668-BE54-9A1E7A4F7556}") = "DataPipelineConsole", "DataPipelineConsole\DataPipelineConsole.csproj", "{AD088DC8-25AD-4AE8-968F-AE3F95DEBE9C}"
EndProject
Project("{9A19103F-16F7-4668-BE54-9A1E7A4F7556}") = "Sql", "Sql\Sql.csproj", "{130CBE39-1E9F-49D2-AE3F-7C6C5EDD33CE}"
EndProject
Project("{FAE04EC0-301F-11D3-BF4B-00C04F79EFBC}") = "Tests", "Tests\Tests.csproj", "{C2C41A06-05A2-4831-92C5-C4AE13B80998}"
EndProject
Global
	GlobalSection(SolutionConfigurationPlatforms) = preSolution
		Debug|Any CPU = Debug|Any CPU
		Release|Any CPU = Release|Any CPU
	EndGlobalSection
	GlobalSection(ProjectConfigurationPlatforms) = postSolution
		{3CBE671D-B108-4BAD-B7D4-14B5A5CA9407}.Debug|Any CPU.ActiveCfg = Debug|Any CPU
		{3CBE671D-B108-4BAD-B7D4-14B5A5CA9407}.Debug|Any CPU.Build.0 = Debug|Any CPU
		{3CBE671D-B108-4BAD-B7D4-14B5A5CA9407}.Release|Any CPU.ActiveCfg = Release|Any CPU
		{3CBE671D-B108-4BAD-B7D4-14B5A5CA9407}.Release|Any CPU.Build.0 = Release|Any CPU
		{FA56A2D6-5CF0-4781-8997-3599DF50654E}.Debug|Any CPU.ActiveCfg = Debug|Any CPU
		{FA56A2D6-5CF0-4781-8997-3599DF50654E}.Debug|Any CPU.Build.0 = Debug|Any CPU
		{FA56A2D6-5CF0-4781-8997-3599DF50654E}.Release|Any CPU.ActiveCfg = Release|Any CPU
		{FA56A2D6-5CF0-4781-8997-3599DF50654E}.Release|Any CPU.Build.0 = Release|Any CPU
		{AD088DC8-25AD-4AE8-968F-AE3F95DEBE9C}.Debug|Any CPU.ActiveCfg = Debug|Any CPU
		{AD088DC8-25AD-4AE8-968F-AE3F95DEBE9C}.Debug|Any CPU.Build.0 = Debug|Any CPU
		{AD088DC8-25AD-4AE8-968F-AE3F95DEBE9C}.Release|Any CPU.ActiveCfg = Release|Any CPU
		{AD088DC8-25AD-4AE8-968F-AE3F95DEBE9C}.Release|Any CPU.Build.0 = Release|Any CPU
		{130CBE39-1E9F-49D2-AE3F-7C6C5EDD33CE}.Debug|Any CPU.ActiveCfg = Debug|Any CPU
		{130CBE39-1E9F-49D2-AE3F-7C6C5EDD33CE}.Debug|Any CPU.Build.0 = Debug|Any CPU
		{130CBE39-1E9F-49D2-AE3F-7C6C5EDD33CE}.Release|Any CPU.ActiveCfg = Release|Any CPU
		{130CBE39-1E9F-49D2-AE3F-7C6C5EDD33CE}.Release|Any CPU.Build.0 = Release|Any CPU
		{C2C41A06-05A2-4831-92C5-C4AE13B80998}.Debug|Any CPU.ActiveCfg = Debug|Any CPU
		{C2C41A06-05A2-4831-92C5-C4AE13B80998}.Debug|Any CPU.Build.0 = Debug|Any CPU
		{C2C41A06-05A2-4831-92C5-C4AE13B80998}.Release|Any CPU.ActiveCfg = Release|Any CPU
		{C2C41A06-05A2-4831-92C5-C4AE13B80998}.Release|Any CPU.Build.0 = Release|Any CPU
	EndGlobalSection
	GlobalSection(SolutionProperties) = preSolution
		HideSolutionNode = FALSE
	EndGlobalSection
	GlobalSection(ExtensibilityGlobals) = postSolution
		SolutionGuid = {373929E4-CBE4-4EB6-B8C1-D4714F5D4FCD}
	EndGlobalSection
EndGlobal
